// !$*UTF8*$!
{
	archiveVersion = 1;
	classes = {
	};
	objectVersion = 46;
	objects = {

/* Begin PBXBuildFile section */
		3394EBC01DA68163EAFDB439 /* Pods_AppleWatchLogger_Example_Watch_AppTests.framework in Frameworks */ = {isa = PBXBuildFile; fileRef = 7A3FBD84E8CB319D63ECD8EE /* Pods_AppleWatchLogger_Example_Watch_AppTests.framework */; };
		A2A37E40DE0552618C499714 /* Pods_AppleWatchLogger_Example_Watch_App.framework in Frameworks */ = {isa = PBXBuildFile; fileRef = 1360EBB2C193FAA09440BF84 /* Pods_AppleWatchLogger_Example_Watch_App.framework */; };
		EA304ACB2A938996006EDEB9 /* AppleWatchLogger_ExampleApp.swift in Sources */ = {isa = PBXBuildFile; fileRef = EA304ACA2A938996006EDEB9 /* AppleWatchLogger_ExampleApp.swift */; };
		EA304ACD2A938996006EDEB9 /* ContentView.swift in Sources */ = {isa = PBXBuildFile; fileRef = EA304ACC2A938996006EDEB9 /* ContentView.swift */; };
		EA304ACF2A938997006EDEB9 /* Assets.xcassets in Resources */ = {isa = PBXBuildFile; fileRef = EA304ACE2A938997006EDEB9 /* Assets.xcassets */; };
		EA304AD22A938997006EDEB9 /* Preview Assets.xcassets in Resources */ = {isa = PBXBuildFile; fileRef = EA304AD12A938997006EDEB9 /* Preview Assets.xcassets */; };
		EA304ADC2A938997006EDEB9 /* AppleWatchLogger_Example_Watch_AppTests.swift in Sources */ = {isa = PBXBuildFile; fileRef = EA304ADB2A938997006EDEB9 /* AppleWatchLogger_Example_Watch_AppTests.swift */; };
/* End PBXBuildFile section */

/* Begin PBXContainerItemProxy section */
		EA304AD82A938997006EDEB9 /* PBXContainerItemProxy */ = {
			isa = PBXContainerItemProxy;
			containerPortal = 607FACC81AFB9204008FA782 /* Project object */;
			proxyType = 1;
			remoteGlobalIDString = EA304AC42A938996006EDEB9;
			remoteInfo = "AppleWatchLogger_Example Watch App";
		};
/* End PBXContainerItemProxy section */

/* Begin PBXFileReference section */
		05B4832799B54EC9383FC613 /* README.md */ = {isa = PBXFileReference; includeInIndex = 1; lastKnownFileType = net.daringfireball.markdown; name = README.md; path = ../README.md; sourceTree = "<group>"; };
		1360EBB2C193FAA09440BF84 /* Pods_AppleWatchLogger_Example_Watch_App.framework */ = {isa = PBXFileReference; explicitFileType = wrapper.framework; includeInIndex = 0; path = Pods_AppleWatchLogger_Example_Watch_App.framework; sourceTree = BUILT_PRODUCTS_DIR; };
		14D674C52D762FDEF3303CB9 /* AppleWatchLogger.podspec */ = {isa = PBXFileReference; includeInIndex = 1; lastKnownFileType = text; name = AppleWatchLogger.podspec; path = ../AppleWatchLogger.podspec; sourceTree = "<group>"; xcLanguageSpecificationIdentifier = xcode.lang.ruby; };
		2E0167F61B3FEF1B083428AD /* Pods-AppleWatchLogger_Example Watch App.release.xcconfig */ = {isa = PBXFileReference; includeInIndex = 1; lastKnownFileType = text.xcconfig; name = "Pods-AppleWatchLogger_Example Watch App.release.xcconfig"; path = "Target Support Files/Pods-AppleWatchLogger_Example Watch App/Pods-AppleWatchLogger_Example Watch App.release.xcconfig"; sourceTree = "<group>"; };
		309ACCCB077457A2EA24EC2E /* Pods_AppleWatchLogger_Tests.framework */ = {isa = PBXFileReference; explicitFileType = wrapper.framework; includeInIndex = 0; path = Pods_AppleWatchLogger_Tests.framework; sourceTree = BUILT_PRODUCTS_DIR; };
		5B0C243459E1701C131AC8EF /* LICENSE */ = {isa = PBXFileReference; includeInIndex = 1; lastKnownFileType = text; name = LICENSE; path = ../LICENSE; sourceTree = "<group>"; };
		6403672DFE3ACD1394BC1DDB /* Pods-AppleWatchLogger_Example.debug.xcconfig */ = {isa = PBXFileReference; includeInIndex = 1; lastKnownFileType = text.xcconfig; name = "Pods-AppleWatchLogger_Example.debug.xcconfig"; path = "Target Support Files/Pods-AppleWatchLogger_Example/Pods-AppleWatchLogger_Example.debug.xcconfig"; sourceTree = "<group>"; };
		7A3FBD84E8CB319D63ECD8EE /* Pods_AppleWatchLogger_Example_Watch_AppTests.framework */ = {isa = PBXFileReference; explicitFileType = wrapper.framework; includeInIndex = 0; path = Pods_AppleWatchLogger_Example_Watch_AppTests.framework; sourceTree = BUILT_PRODUCTS_DIR; };
		7C36FE2A8E4985D848631DBC /* Pods-AppleWatchLogger_Tests.release.xcconfig */ = {isa = PBXFileReference; includeInIndex = 1; lastKnownFileType = text.xcconfig; name = "Pods-AppleWatchLogger_Tests.release.xcconfig"; path = "Target Support Files/Pods-AppleWatchLogger_Tests/Pods-AppleWatchLogger_Tests.release.xcconfig"; sourceTree = "<group>"; };
		8E0933E400D13B0832EBB95B /* Pods-AppleWatchLogger_Example Watch AppTests.debug.xcconfig */ = {isa = PBXFileReference; includeInIndex = 1; lastKnownFileType = text.xcconfig; name = "Pods-AppleWatchLogger_Example Watch AppTests.debug.xcconfig"; path = "Target Support Files/Pods-AppleWatchLogger_Example Watch AppTests/Pods-AppleWatchLogger_Example Watch AppTests.debug.xcconfig"; sourceTree = "<group>"; };
		B4FCC9E87E51212733A8C5D8 /* Pods_AppleWatchLogger_Example.framework */ = {isa = PBXFileReference; explicitFileType = wrapper.framework; includeInIndex = 0; path = Pods_AppleWatchLogger_Example.framework; sourceTree = BUILT_PRODUCTS_DIR; };
		BAA6B284518FEA646843A195 /* Pods-AppleWatchLogger_Example Watch AppTests.release.xcconfig */ = {isa = PBXFileReference; includeInIndex = 1; lastKnownFileType = text.xcconfig; name = "Pods-AppleWatchLogger_Example Watch AppTests.release.xcconfig"; path = "Target Support Files/Pods-AppleWatchLogger_Example Watch AppTests/Pods-AppleWatchLogger_Example Watch AppTests.release.xcconfig"; sourceTree = "<group>"; };
		C40656907D2E5A49FC8840E3 /* Pods-AppleWatchLogger_Example.release.xcconfig */ = {isa = PBXFileReference; includeInIndex = 1; lastKnownFileType = text.xcconfig; name = "Pods-AppleWatchLogger_Example.release.xcconfig"; path = "Target Support Files/Pods-AppleWatchLogger_Example/Pods-AppleWatchLogger_Example.release.xcconfig"; sourceTree = "<group>"; };
		E246A349EF6E11C3AEFA354F /* Pods-AppleWatchLogger_Tests.debug.xcconfig */ = {isa = PBXFileReference; includeInIndex = 1; lastKnownFileType = text.xcconfig; name = "Pods-AppleWatchLogger_Tests.debug.xcconfig"; path = "Target Support Files/Pods-AppleWatchLogger_Tests/Pods-AppleWatchLogger_Tests.debug.xcconfig"; sourceTree = "<group>"; };
		EA304AC52A938996006EDEB9 /* AppleWatchLogger_Example Watch App.app */ = {isa = PBXFileReference; explicitFileType = wrapper.application; includeInIndex = 0; path = "AppleWatchLogger_Example Watch App.app"; sourceTree = BUILT_PRODUCTS_DIR; };
		EA304ACA2A938996006EDEB9 /* AppleWatchLogger_ExampleApp.swift */ = {isa = PBXFileReference; lastKnownFileType = sourcecode.swift; path = AppleWatchLogger_ExampleApp.swift; sourceTree = "<group>"; };
		EA304ACC2A938996006EDEB9 /* ContentView.swift */ = {isa = PBXFileReference; lastKnownFileType = sourcecode.swift; path = ContentView.swift; sourceTree = "<group>"; };
		EA304ACE2A938997006EDEB9 /* Assets.xcassets */ = {isa = PBXFileReference; lastKnownFileType = folder.assetcatalog; path = Assets.xcassets; sourceTree = "<group>"; };
		EA304AD12A938997006EDEB9 /* Preview Assets.xcassets */ = {isa = PBXFileReference; lastKnownFileType = folder.assetcatalog; path = "Preview Assets.xcassets"; sourceTree = "<group>"; };
		EA304AD72A938997006EDEB9 /* AppleWatchLogger_Example Watch AppTests.xctest */ = {isa = PBXFileReference; explicitFileType = wrapper.cfbundle; includeInIndex = 0; path = "AppleWatchLogger_Example Watch AppTests.xctest"; sourceTree = BUILT_PRODUCTS_DIR; };
		EA304ADB2A938997006EDEB9 /* AppleWatchLogger_Example_Watch_AppTests.swift */ = {isa = PBXFileReference; lastKnownFileType = sourcecode.swift; path = AppleWatchLogger_Example_Watch_AppTests.swift; sourceTree = "<group>"; };
		FEB17A8AF5A1F1EAFF476643 /* Pods-AppleWatchLogger_Example Watch App.debug.xcconfig */ = {isa = PBXFileReference; includeInIndex = 1; lastKnownFileType = text.xcconfig; name = "Pods-AppleWatchLogger_Example Watch App.debug.xcconfig"; path = "Target Support Files/Pods-AppleWatchLogger_Example Watch App/Pods-AppleWatchLogger_Example Watch App.debug.xcconfig"; sourceTree = "<group>"; };
/* End PBXFileReference section */

/* Begin PBXFrameworksBuildPhase section */
		EA304AC22A938996006EDEB9 /* Frameworks */ = {
			isa = PBXFrameworksBuildPhase;
			buildActionMask = 2147483647;
			files = (
				A2A37E40DE0552618C499714 /* Pods_AppleWatchLogger_Example_Watch_App.framework in Frameworks */,
			);
			runOnlyForDeploymentPostprocessing = 0;
		};
		EA304AD42A938997006EDEB9 /* Frameworks */ = {
			isa = PBXFrameworksBuildPhase;
			buildActionMask = 2147483647;
			files = (
				3394EBC01DA68163EAFDB439 /* Pods_AppleWatchLogger_Example_Watch_AppTests.framework in Frameworks */,
			);
			runOnlyForDeploymentPostprocessing = 0;
		};
/* End PBXFrameworksBuildPhase section */

/* Begin PBXGroup section */
		39B51479E9D0162DB78FB2FC /* Frameworks */ = {
			isa = PBXGroup;
			children = (
				B4FCC9E87E51212733A8C5D8 /* Pods_AppleWatchLogger_Example.framework */,
				309ACCCB077457A2EA24EC2E /* Pods_AppleWatchLogger_Tests.framework */,
				1360EBB2C193FAA09440BF84 /* Pods_AppleWatchLogger_Example_Watch_App.framework */,
				7A3FBD84E8CB319D63ECD8EE /* Pods_AppleWatchLogger_Example_Watch_AppTests.framework */,
			);
			name = Frameworks;
			sourceTree = "<group>";
		};
		607FACC71AFB9204008FA782 = {
			isa = PBXGroup;
			children = (
				607FACF51AFB993E008FA782 /* Podspec Metadata */,
				EA304AC92A938996006EDEB9 /* AppleWatchLogger_Example Watch App */,
				EA304ADA2A938997006EDEB9 /* AppleWatchLogger_Example Watch AppTests */,
				607FACD11AFB9204008FA782 /* Products */,
				7F09E887FD82D1D59720CE8E /* Pods */,
				39B51479E9D0162DB78FB2FC /* Frameworks */,
			);
			sourceTree = "<group>";
		};
		607FACD11AFB9204008FA782 /* Products */ = {
			isa = PBXGroup;
			children = (
				EA304AC52A938996006EDEB9 /* AppleWatchLogger_Example Watch App.app */,
				EA304AD72A938997006EDEB9 /* AppleWatchLogger_Example Watch AppTests.xctest */,
			);
			name = Products;
			sourceTree = "<group>";
		};
		607FACF51AFB993E008FA782 /* Podspec Metadata */ = {
			isa = PBXGroup;
			children = (
				14D674C52D762FDEF3303CB9 /* AppleWatchLogger.podspec */,
				05B4832799B54EC9383FC613 /* README.md */,
				5B0C243459E1701C131AC8EF /* LICENSE */,
			);
			name = "Podspec Metadata";
			sourceTree = "<group>";
		};
		7F09E887FD82D1D59720CE8E /* Pods */ = {
			isa = PBXGroup;
			children = (
				6403672DFE3ACD1394BC1DDB /* Pods-AppleWatchLogger_Example.debug.xcconfig */,
				C40656907D2E5A49FC8840E3 /* Pods-AppleWatchLogger_Example.release.xcconfig */,
				E246A349EF6E11C3AEFA354F /* Pods-AppleWatchLogger_Tests.debug.xcconfig */,
				7C36FE2A8E4985D848631DBC /* Pods-AppleWatchLogger_Tests.release.xcconfig */,
				FEB17A8AF5A1F1EAFF476643 /* Pods-AppleWatchLogger_Example Watch App.debug.xcconfig */,
				2E0167F61B3FEF1B083428AD /* Pods-AppleWatchLogger_Example Watch App.release.xcconfig */,
				8E0933E400D13B0832EBB95B /* Pods-AppleWatchLogger_Example Watch AppTests.debug.xcconfig */,
				BAA6B284518FEA646843A195 /* Pods-AppleWatchLogger_Example Watch AppTests.release.xcconfig */,
			);
			path = Pods;
			sourceTree = "<group>";
		};
		EA304AC92A938996006EDEB9 /* AppleWatchLogger_Example Watch App */ = {
			isa = PBXGroup;
			children = (
				EA304ACA2A938996006EDEB9 /* AppleWatchLogger_ExampleApp.swift */,
				EA304ACC2A938996006EDEB9 /* ContentView.swift */,
				EA304ACE2A938997006EDEB9 /* Assets.xcassets */,
				EA304AD02A938997006EDEB9 /* Preview Content */,
			);
			path = "AppleWatchLogger_Example Watch App";
			sourceTree = "<group>";
		};
		EA304AD02A938997006EDEB9 /* Preview Content */ = {
			isa = PBXGroup;
			children = (
				EA304AD12A938997006EDEB9 /* Preview Assets.xcassets */,
			);
			path = "Preview Content";
			sourceTree = "<group>";
		};
		EA304ADA2A938997006EDEB9 /* AppleWatchLogger_Example Watch AppTests */ = {
			isa = PBXGroup;
			children = (
				EA304ADB2A938997006EDEB9 /* AppleWatchLogger_Example_Watch_AppTests.swift */,
			);
			path = "AppleWatchLogger_Example Watch AppTests";
			sourceTree = "<group>";
		};
/* End PBXGroup section */

/* Begin PBXNativeTarget section */
		EA304AC42A938996006EDEB9 /* AppleWatchLogger_Example Watch App */ = {
			isa = PBXNativeTarget;
			buildConfigurationList = EA304AE92A938997006EDEB9 /* Build configuration list for PBXNativeTarget "AppleWatchLogger_Example Watch App" */;
			buildPhases = (
				61387E755E2BC7102EBCE247 /* [CP] Check Pods Manifest.lock */,
				EA304AC12A938996006EDEB9 /* Sources */,
				EA304AC22A938996006EDEB9 /* Frameworks */,
				EA304AC32A938996006EDEB9 /* Resources */,
				2B3A977B2292F463DB26C35B /* [CP] Embed Pods Frameworks */,
			);
			buildRules = (
			);
			dependencies = (
			);
			name = "AppleWatchLogger_Example Watch App";
			productName = "AppleWatchLogger_Example Watch App";
			productReference = EA304AC52A938996006EDEB9 /* AppleWatchLogger_Example Watch App.app */;
			productType = "com.apple.product-type.application";
		};
		EA304AD62A938997006EDEB9 /* AppleWatchLogger_Example Watch AppTests */ = {
			isa = PBXNativeTarget;
			buildConfigurationList = EA304AF02A938997006EDEB9 /* Build configuration list for PBXNativeTarget "AppleWatchLogger_Example Watch AppTests" */;
			buildPhases = (
				45F5EAF337C768C4E287EADE /* [CP] Check Pods Manifest.lock */,
				EA304AD32A938997006EDEB9 /* Sources */,
				EA304AD42A938997006EDEB9 /* Frameworks */,
				EA304AD52A938997006EDEB9 /* Resources */,
			);
			buildRules = (
			);
			dependencies = (
				EA304AD92A938997006EDEB9 /* PBXTargetDependency */,
			);
			name = "AppleWatchLogger_Example Watch AppTests";
			productName = "AppleWatchLogger_Example Watch AppTests";
			productReference = EA304AD72A938997006EDEB9 /* AppleWatchLogger_Example Watch AppTests.xctest */;
			productType = "com.apple.product-type.bundle.unit-test";
		};
/* End PBXNativeTarget section */

/* Begin PBXProject section */
		607FACC81AFB9204008FA782 /* Project object */ = {
			isa = PBXProject;
			attributes = {
				LastSwiftUpdateCheck = 1430;
				LastUpgradeCheck = 0830;
				ORGANIZATIONNAME = CocoaPods;
				TargetAttributes = {
					EA304AC42A938996006EDEB9 = {
						CreatedOnToolsVersion = 14.3.1;
						DevelopmentTeam = Z34KHT5SJG;
						ProvisioningStyle = Automatic;
					};
					EA304AD62A938997006EDEB9 = {
						CreatedOnToolsVersion = 14.3.1;
						DevelopmentTeam = Z34KHT5SJG;
						ProvisioningStyle = Automatic;
						TestTargetID = EA304AC42A938996006EDEB9;
					};
				};
			};
			buildConfigurationList = 607FACCB1AFB9204008FA782 /* Build configuration list for PBXProject "AppleWatchLogger" */;
			compatibilityVersion = "Xcode 3.2";
			developmentRegion = English;
			hasScannedForEncodings = 0;
			knownRegions = (
				English,
				en,
				Base,
			);
			mainGroup = 607FACC71AFB9204008FA782;
			productRefGroup = 607FACD11AFB9204008FA782 /* Products */;
			projectDirPath = "";
			projectRoot = "";
			targets = (
				EA304AC42A938996006EDEB9 /* AppleWatchLogger_Example Watch App */,
				EA304AD62A938997006EDEB9 /* AppleWatchLogger_Example Watch AppTests */,
			);
		};
/* End PBXProject section */

/* Begin PBXResourcesBuildPhase section */
		EA304AC32A938996006EDEB9 /* Resources */ = {
			isa = PBXResourcesBuildPhase;
			buildActionMask = 2147483647;
			files = (
				EA304AD22A938997006EDEB9 /* Preview Assets.xcassets in Resources */,
				EA304ACF2A938997006EDEB9 /* Assets.xcassets in Resources */,
			);
			runOnlyForDeploymentPostprocessing = 0;
		};
		EA304AD52A938997006EDEB9 /* Resources */ = {
			isa = PBXResourcesBuildPhase;
			buildActionMask = 2147483647;
			files = (
			);
			runOnlyForDeploymentPostprocessing = 0;
		};
/* End PBXResourcesBuildPhase section */

/* Begin PBXShellScriptBuildPhase section */
		2B3A977B2292F463DB26C35B /* [CP] Embed Pods Frameworks */ = {
			isa = PBXShellScriptBuildPhase;
			buildActionMask = 2147483647;
			files = (
			);
			inputPaths = (
				"${PODS_ROOT}/Target Support Files/Pods-AppleWatchLogger_Example Watch App/Pods-AppleWatchLogger_Example Watch App-frameworks.sh",
				"${BUILT_PRODUCTS_DIR}/AppleWatchLogger/AppleWatchLogger.framework",
			);
			name = "[CP] Embed Pods Frameworks";
			outputPaths = (
				"${TARGET_BUILD_DIR}/${FRAMEWORKS_FOLDER_PATH}/AppleWatchLogger.framework",
			);
			runOnlyForDeploymentPostprocessing = 0;
			shellPath = /bin/sh;
			shellScript = "\"${PODS_ROOT}/Target Support Files/Pods-AppleWatchLogger_Example Watch App/Pods-AppleWatchLogger_Example Watch App-frameworks.sh\"\n";
			showEnvVarsInLog = 0;
		};
		45F5EAF337C768C4E287EADE /* [CP] Check Pods Manifest.lock */ = {
			isa = PBXShellScriptBuildPhase;
			buildActionMask = 2147483647;
			files = (
			);
			inputFileListPaths = (
			);
			inputPaths = (
				"${PODS_PODFILE_DIR_PATH}/Podfile.lock",
				"${PODS_ROOT}/Manifest.lock",
			);
			name = "[CP] Check Pods Manifest.lock";
			outputFileListPaths = (
			);
			outputPaths = (
				"$(DERIVED_FILE_DIR)/Pods-AppleWatchLogger_Example Watch AppTests-checkManifestLockResult.txt",
			);
			runOnlyForDeploymentPostprocessing = 0;
			shellPath = /bin/sh;
			shellScript = "diff \"${PODS_PODFILE_DIR_PATH}/Podfile.lock\" \"${PODS_ROOT}/Manifest.lock\" > /dev/null\nif [ $? != 0 ] ; then\n    # print error to STDERR\n    echo \"error: The sandbox is not in sync with the Podfile.lock. Run 'pod install' or update your CocoaPods installation.\" >&2\n    exit 1\nfi\n# This output is used by Xcode 'outputs' to avoid re-running this script phase.\necho \"SUCCESS\" > \"${SCRIPT_OUTPUT_FILE_0}\"\n";
			showEnvVarsInLog = 0;
		};
		61387E755E2BC7102EBCE247 /* [CP] Check Pods Manifest.lock */ = {
			isa = PBXShellScriptBuildPhase;
			buildActionMask = 2147483647;
			files = (
			);
			inputFileListPaths = (
			);
			inputPaths = (
				"${PODS_PODFILE_DIR_PATH}/Podfile.lock",
				"${PODS_ROOT}/Manifest.lock",
			);
			name = "[CP] Check Pods Manifest.lock";
			outputFileListPaths = (
			);
			outputPaths = (
				"$(DERIVED_FILE_DIR)/Pods-AppleWatchLogger_Example Watch App-checkManifestLockResult.txt",
			);
			runOnlyForDeploymentPostprocessing = 0;
			shellPath = /bin/sh;
			shellScript = "diff \"${PODS_PODFILE_DIR_PATH}/Podfile.lock\" \"${PODS_ROOT}/Manifest.lock\" > /dev/null\nif [ $? != 0 ] ; then\n    # print error to STDERR\n    echo \"error: The sandbox is not in sync with the Podfile.lock. Run 'pod install' or update your CocoaPods installation.\" >&2\n    exit 1\nfi\n# This output is used by Xcode 'outputs' to avoid re-running this script phase.\necho \"SUCCESS\" > \"${SCRIPT_OUTPUT_FILE_0}\"\n";
			showEnvVarsInLog = 0;
		};
/* End PBXShellScriptBuildPhase section */

/* Begin PBXSourcesBuildPhase section */
		EA304AC12A938996006EDEB9 /* Sources */ = {
			isa = PBXSourcesBuildPhase;
			buildActionMask = 2147483647;
			files = (
				EA304ACD2A938996006EDEB9 /* ContentView.swift in Sources */,
				EA304ACB2A938996006EDEB9 /* AppleWatchLogger_ExampleApp.swift in Sources */,
			);
			runOnlyForDeploymentPostprocessing = 0;
		};
		EA304AD32A938997006EDEB9 /* Sources */ = {
			isa = PBXSourcesBuildPhase;
			buildActionMask = 2147483647;
			files = (
				EA304ADC2A938997006EDEB9 /* AppleWatchLogger_Example_Watch_AppTests.swift in Sources */,
			);
			runOnlyForDeploymentPostprocessing = 0;
		};
/* End PBXSourcesBuildPhase section */

/* Begin PBXTargetDependency section */
		EA304AD92A938997006EDEB9 /* PBXTargetDependency */ = {
			isa = PBXTargetDependency;
			target = EA304AC42A938996006EDEB9 /* AppleWatchLogger_Example Watch App */;
			targetProxy = EA304AD82A938997006EDEB9 /* PBXContainerItemProxy */;
		};
/* End PBXTargetDependency section */

/* Begin XCBuildConfiguration section */
		607FACED1AFB9204008FA782 /* Debug */ = {
			isa = XCBuildConfiguration;
			buildSettings = {
				ALWAYS_SEARCH_USER_PATHS = NO;
				CLANG_CXX_LANGUAGE_STANDARD = "gnu++0x";
				CLANG_CXX_LIBRARY = "libc++";
				CLANG_ENABLE_MODULES = YES;
				CLANG_ENABLE_OBJC_ARC = YES;
				CLANG_WARN_BLOCK_CAPTURE_AUTORELEASING = YES;
				CLANG_WARN_BOOL_CONVERSION = YES;
				CLANG_WARN_COMMA = YES;
				CLANG_WARN_CONSTANT_CONVERSION = YES;
				CLANG_WARN_DIRECT_OBJC_ISA_USAGE = YES_ERROR;
				CLANG_WARN_EMPTY_BODY = YES;
				CLANG_WARN_ENUM_CONVERSION = YES;
				CLANG_WARN_INFINITE_RECURSION = YES;
				CLANG_WARN_INT_CONVERSION = YES;
				CLANG_WARN_NON_LITERAL_NULL_CONVERSION = YES;
				CLANG_WARN_OBJC_LITERAL_CONVERSION = YES;
				CLANG_WARN_OBJC_ROOT_CLASS = YES_ERROR;
				CLANG_WARN_RANGE_LOOP_ANALYSIS = YES;
				CLANG_WARN_STRICT_PROTOTYPES = YES;
				CLANG_WARN_SUSPICIOUS_MOVE = YES;
				CLANG_WARN_UNREACHABLE_CODE = YES;
				CLANG_WARN__DUPLICATE_METHOD_MATCH = YES;
				"CODE_SIGN_IDENTITY[sdk=iphoneos*]" = "iPhone Developer";
				COPY_PHASE_STRIP = NO;
				DEBUG_INFORMATION_FORMAT = "dwarf-with-dsym";
				ENABLE_STRICT_OBJC_MSGSEND = YES;
				ENABLE_TESTABILITY = YES;
				GCC_C_LANGUAGE_STANDARD = gnu99;
				GCC_DYNAMIC_NO_PIC = NO;
				GCC_NO_COMMON_BLOCKS = YES;
				GCC_OPTIMIZATION_LEVEL = 0;
				GCC_PREPROCESSOR_DEFINITIONS = (
					"DEBUG=1",
					"$(inherited)",
				);
				GCC_SYMBOLS_PRIVATE_EXTERN = NO;
				GCC_WARN_64_TO_32_BIT_CONVERSION = YES;
				GCC_WARN_ABOUT_RETURN_TYPE = YES_ERROR;
				GCC_WARN_UNDECLARED_SELECTOR = YES;
				GCC_WARN_UNINITIALIZED_AUTOS = YES_AGGRESSIVE;
				GCC_WARN_UNUSED_FUNCTION = YES;
				GCC_WARN_UNUSED_VARIABLE = YES;
				IPHONEOS_DEPLOYMENT_TARGET = 9.3;
				MTL_ENABLE_DEBUG_INFO = YES;
				ONLY_ACTIVE_ARCH = YES;
				SDKROOT = iphoneos;
				SWIFT_OPTIMIZATION_LEVEL = "-Onone";
			};
			name = Debug;
		};
		607FACEE1AFB9204008FA782 /* Release */ = {
			isa = XCBuildConfiguration;
			buildSettings = {
				ALWAYS_SEARCH_USER_PATHS = NO;
				CLANG_CXX_LANGUAGE_STANDARD = "gnu++0x";
				CLANG_CXX_LIBRARY = "libc++";
				CLANG_ENABLE_MODULES = YES;
				CLANG_ENABLE_OBJC_ARC = YES;
				CLANG_WARN_BLOCK_CAPTURE_AUTORELEASING = YES;
				CLANG_WARN_BOOL_CONVERSION = YES;
				CLANG_WARN_COMMA = YES;
				CLANG_WARN_CONSTANT_CONVERSION = YES;
				CLANG_WARN_DIRECT_OBJC_ISA_USAGE = YES_ERROR;
				CLANG_WARN_EMPTY_BODY = YES;
				CLANG_WARN_ENUM_CONVERSION = YES;
				CLANG_WARN_INFINITE_RECURSION = YES;
				CLANG_WARN_INT_CONVERSION = YES;
				CLANG_WARN_NON_LITERAL_NULL_CONVERSION = YES;
				CLANG_WARN_OBJC_LITERAL_CONVERSION = YES;
				CLANG_WARN_OBJC_ROOT_CLASS = YES_ERROR;
				CLANG_WARN_RANGE_LOOP_ANALYSIS = YES;
				CLANG_WARN_STRICT_PROTOTYPES = YES;
				CLANG_WARN_SUSPICIOUS_MOVE = YES;
				CLANG_WARN_UNREACHABLE_CODE = YES;
				CLANG_WARN__DUPLICATE_METHOD_MATCH = YES;
				"CODE_SIGN_IDENTITY[sdk=iphoneos*]" = "iPhone Developer";
				COPY_PHASE_STRIP = NO;
				DEBUG_INFORMATION_FORMAT = "dwarf-with-dsym";
				ENABLE_NS_ASSERTIONS = NO;
				ENABLE_STRICT_OBJC_MSGSEND = YES;
				GCC_C_LANGUAGE_STANDARD = gnu99;
				GCC_NO_COMMON_BLOCKS = YES;
				GCC_WARN_64_TO_32_BIT_CONVERSION = YES;
				GCC_WARN_ABOUT_RETURN_TYPE = YES_ERROR;
				GCC_WARN_UNDECLARED_SELECTOR = YES;
				GCC_WARN_UNINITIALIZED_AUTOS = YES_AGGRESSIVE;
				GCC_WARN_UNUSED_FUNCTION = YES;
				GCC_WARN_UNUSED_VARIABLE = YES;
				IPHONEOS_DEPLOYMENT_TARGET = 9.3;
				MTL_ENABLE_DEBUG_INFO = NO;
				SDKROOT = iphoneos;
				SWIFT_OPTIMIZATION_LEVEL = "-Owholemodule";
				VALIDATE_PRODUCT = YES;
			};
			name = Release;
		};
		EA304AEA2A938997006EDEB9 /* Debug */ = {
			isa = XCBuildConfiguration;
			baseConfigurationReference = FEB17A8AF5A1F1EAFF476643 /* Pods-AppleWatchLogger_Example Watch App.debug.xcconfig */;
			buildSettings = {
				ASSETCATALOG_COMPILER_APPICON_NAME = AppIcon;
				ASSETCATALOG_COMPILER_GLOBAL_ACCENT_COLOR_NAME = AccentColor;
				CLANG_ANALYZER_NONNULL = YES;
				CLANG_ANALYZER_NUMBER_OBJECT_CONVERSION = YES_AGGRESSIVE;
				CLANG_CXX_LANGUAGE_STANDARD = "gnu++20";
				CLANG_ENABLE_OBJC_WEAK = YES;
				CLANG_WARN_DEPRECATED_OBJC_IMPLEMENTATIONS = YES;
				CLANG_WARN_DOCUMENTATION_COMMENTS = YES;
				CLANG_WARN_OBJC_IMPLICIT_RETAIN_SELF = YES;
				CLANG_WARN_QUOTED_INCLUDE_IN_FRAMEWORK_HEADER = "$(inherited)";
				CLANG_WARN_UNGUARDED_AVAILABILITY = YES_AGGRESSIVE;
				CODE_SIGN_STYLE = Automatic;
				CURRENT_PROJECT_VERSION = 1;
				DEBUG_INFORMATION_FORMAT = dwarf;
				DEVELOPMENT_ASSET_PATHS = "\"AppleWatchLogger_Example Watch App/Preview Content\"";
				DEVELOPMENT_TEAM = Z34KHT5SJG;
				ENABLE_PREVIEWS = YES;
				GCC_C_LANGUAGE_STANDARD = gnu11;
				GENERATE_INFOPLIST_FILE = YES;
				INFOPLIST_KEY_CFBundleDisplayName = AppleWatchLogger_Example;
				INFOPLIST_KEY_UISupportedInterfaceOrientations = "UIInterfaceOrientationPortrait UIInterfaceOrientationPortraitUpsideDown";
				INFOPLIST_KEY_WKWatchOnly = YES;
				LD_RUNPATH_SEARCH_PATHS = "$(inherited) @executable_path/Frameworks";
				MARKETING_VERSION = 1.0;
				MTL_ENABLE_DEBUG_INFO = INCLUDE_SOURCE;
				MTL_FAST_MATH = YES;
				PRODUCT_BUNDLE_IDENTIFIER = "org.cocoapods.--PRODUCT-NAME-rfc1034identifier-.watchkitapp";
				PRODUCT_NAME = "$(TARGET_NAME)";
				SDKROOT = watchos;
				SKIP_INSTALL = YES;
				SWIFT_ACTIVE_COMPILATION_CONDITIONS = DEBUG;
				SWIFT_EMIT_LOC_STRINGS = YES;
				SWIFT_VERSION = 5.0;
				TARGETED_DEVICE_FAMILY = 4;
				WATCHOS_DEPLOYMENT_TARGET = 7.0;
			};
			name = Debug;
		};
		EA304AEB2A938997006EDEB9 /* Release */ = {
			isa = XCBuildConfiguration;
			baseConfigurationReference = 2E0167F61B3FEF1B083428AD /* Pods-AppleWatchLogger_Example Watch App.release.xcconfig */;
			buildSettings = {
				ASSETCATALOG_COMPILER_APPICON_NAME = AppIcon;
				ASSETCATALOG_COMPILER_GLOBAL_ACCENT_COLOR_NAME = AccentColor;
				CLANG_ANALYZER_NONNULL = YES;
				CLANG_ANALYZER_NUMBER_OBJECT_CONVERSION = YES_AGGRESSIVE;
				CLANG_CXX_LANGUAGE_STANDARD = "gnu++20";
				CLANG_ENABLE_OBJC_WEAK = YES;
				CLANG_WARN_DEPRECATED_OBJC_IMPLEMENTATIONS = YES;
				CLANG_WARN_DOCUMENTATION_COMMENTS = YES;
				CLANG_WARN_OBJC_IMPLICIT_RETAIN_SELF = YES;
				CLANG_WARN_QUOTED_INCLUDE_IN_FRAMEWORK_HEADER = "$(inherited)";
				CLANG_WARN_UNGUARDED_AVAILABILITY = YES_AGGRESSIVE;
				CODE_SIGN_STYLE = Automatic;
				CURRENT_PROJECT_VERSION = 1;
				DEVELOPMENT_ASSET_PATHS = "\"AppleWatchLogger_Example Watch App/Preview Content\"";
				DEVELOPMENT_TEAM = Z34KHT5SJG;
				ENABLE_PREVIEWS = YES;
				GCC_C_LANGUAGE_STANDARD = gnu11;
				GENERATE_INFOPLIST_FILE = YES;
				INFOPLIST_KEY_CFBundleDisplayName = AppleWatchLogger_Example;
				INFOPLIST_KEY_UISupportedInterfaceOrientations = "UIInterfaceOrientationPortrait UIInterfaceOrientationPortraitUpsideDown";
				INFOPLIST_KEY_WKWatchOnly = YES;
				LD_RUNPATH_SEARCH_PATHS = "$(inherited) @executable_path/Frameworks";
				MARKETING_VERSION = 1.0;
				MTL_FAST_MATH = YES;
				PRODUCT_BUNDLE_IDENTIFIER = "org.cocoapods.--PRODUCT-NAME-rfc1034identifier-.watchkitapp";
				PRODUCT_NAME = "$(TARGET_NAME)";
				SDKROOT = watchos;
				SKIP_INSTALL = YES;
				SWIFT_EMIT_LOC_STRINGS = YES;
				SWIFT_VERSION = 5.0;
				TARGETED_DEVICE_FAMILY = 4;
				WATCHOS_DEPLOYMENT_TARGET = 7.0;
			};
			name = Release;
		};
		EA304AF12A938997006EDEB9 /* Debug */ = {
			isa = XCBuildConfiguration;
			baseConfigurationReference = 8E0933E400D13B0832EBB95B /* Pods-AppleWatchLogger_Example Watch AppTests.debug.xcconfig */;
			buildSettings = {
				ALWAYS_EMBED_SWIFT_STANDARD_LIBRARIES = YES;
				BUNDLE_LOADER = "$(TEST_HOST)";
				CLANG_ANALYZER_NONNULL = YES;
				CLANG_ANALYZER_NUMBER_OBJECT_CONVERSION = YES_AGGRESSIVE;
				CLANG_CXX_LANGUAGE_STANDARD = "gnu++20";
				CLANG_ENABLE_OBJC_WEAK = YES;
				CLANG_WARN_DEPRECATED_OBJC_IMPLEMENTATIONS = YES;
				CLANG_WARN_DOCUMENTATION_COMMENTS = YES;
				CLANG_WARN_OBJC_IMPLICIT_RETAIN_SELF = YES;
				CLANG_WARN_QUOTED_INCLUDE_IN_FRAMEWORK_HEADER = "$(inherited)";
				CLANG_WARN_UNGUARDED_AVAILABILITY = YES_AGGRESSIVE;
				CODE_SIGN_STYLE = Automatic;
				CURRENT_PROJECT_VERSION = 1;
				DEBUG_INFORMATION_FORMAT = dwarf;
				DEVELOPMENT_TEAM = Z34KHT5SJG;
				GCC_C_LANGUAGE_STANDARD = gnu11;
				GENERATE_INFOPLIST_FILE = YES;
				MARKETING_VERSION = 1.0;
				MTL_ENABLE_DEBUG_INFO = INCLUDE_SOURCE;
				MTL_FAST_MATH = YES;
				PRODUCT_BUNDLE_IDENTIFIER = "org.cocoapods.--PRODUCT-NAME-rfc1034identifier-";
				PRODUCT_NAME = "$(TARGET_NAME)";
				SDKROOT = watchos;
				SWIFT_ACTIVE_COMPILATION_CONDITIONS = DEBUG;
				SWIFT_EMIT_LOC_STRINGS = NO;
				SWIFT_VERSION = 5.0;
				TARGETED_DEVICE_FAMILY = 4;
				TEST_HOST = "$(BUILT_PRODUCTS_DIR)/AppleWatchLogger_Example Watch App.app/$(BUNDLE_EXECUTABLE_FOLDER_PATH)/AppleWatchLogger_Example Watch App";
				WATCHOS_DEPLOYMENT_TARGET = 7.0;
			};
			name = Debug;
		};
		EA304AF22A938997006EDEB9 /* Release */ = {
			isa = XCBuildConfiguration;
			baseConfigurationReference = BAA6B284518FEA646843A195 /* Pods-AppleWatchLogger_Example Watch AppTests.release.xcconfig */;
			buildSettings = {
				ALWAYS_EMBED_SWIFT_STANDARD_LIBRARIES = YES;
				BUNDLE_LOADER = "$(TEST_HOST)";
				CLANG_ANALYZER_NONNULL = YES;
				CLANG_ANALYZER_NUMBER_OBJECT_CONVERSION = YES_AGGRESSIVE;
				CLANG_CXX_LANGUAGE_STANDARD = "gnu++20";
				CLANG_ENABLE_OBJC_WEAK = YES;
				CLANG_WARN_DEPRECATED_OBJC_IMPLEMENTATIONS = YES;
				CLANG_WARN_DOCUMENTATION_COMMENTS = YES;
				CLANG_WARN_OBJC_IMPLICIT_RETAIN_SELF = YES;
				CLANG_WARN_QUOTED_INCLUDE_IN_FRAMEWORK_HEADER = "$(inherited)";
				CLANG_WARN_UNGUARDED_AVAILABILITY = YES_AGGRESSIVE;
				CODE_SIGN_STYLE = Automatic;
				CURRENT_PROJECT_VERSION = 1;
				DEVELOPMENT_TEAM = Z34KHT5SJG;
				GCC_C_LANGUAGE_STANDARD = gnu11;
				GENERATE_INFOPLIST_FILE = YES;
				MARKETING_VERSION = 1.0;
				MTL_FAST_MATH = YES;
				PRODUCT_BUNDLE_IDENTIFIER = "org.cocoapods.--PRODUCT-NAME-rfc1034identifier-";
				PRODUCT_NAME = "$(TARGET_NAME)";
				SDKROOT = watchos;
				SWIFT_EMIT_LOC_STRINGS = NO;
				SWIFT_VERSION = 5.0;
				TARGETED_DEVICE_FAMILY = 4;
				TEST_HOST = "$(BUILT_PRODUCTS_DIR)/AppleWatchLogger_Example Watch App.app/$(BUNDLE_EXECUTABLE_FOLDER_PATH)/AppleWatchLogger_Example Watch App";
				WATCHOS_DEPLOYMENT_TARGET = 7.0;
			};
			name = Release;
		};
/* End XCBuildConfiguration section */

/* Begin XCConfigurationList section */
		607FACCB1AFB9204008FA782 /* Build configuration list for PBXProject "AppleWatchLogger" */ = {
			isa = XCConfigurationList;
			buildConfigurations = (
				607FACED1AFB9204008FA782 /* Debug */,
				607FACEE1AFB9204008FA782 /* Release */,
			);
			defaultConfigurationIsVisible = 0;
			defaultConfigurationName = Release;
		};
		EA304AE92A938997006EDEB9 /* Build configuration list for PBXNativeTarget "AppleWatchLogger_Example Watch App" */ = {
			isa = XCConfigurationList;
			buildConfigurations = (
				EA304AEA2A938997006EDEB9 /* Debug */,
				EA304AEB2A938997006EDEB9 /* Release */,
			);
			defaultConfigurationIsVisible = 0;
			defaultConfigurationName = Release;
		};
		EA304AF02A938997006EDEB9 /* Build configuration list for PBXNativeTarget "AppleWatchLogger_Example Watch AppTests" */ = {
			isa = XCConfigurationList;
			buildConfigurations = (
				EA304AF12A938997006EDEB9 /* Debug */,
				EA304AF22A938997006EDEB9 /* Release */,
			);
			defaultConfigurationIsVisible = 0;
			defaultConfigurationName = Release;
		};
/* End XCConfigurationList section */
	};
	rootObject = 607FACC81AFB9204008FA782 /* Project object */;
}
